
Microsoft Visual Studio Solution File, Format Version 12.00
# Visual Studio Version 17
VisualStudioVersion = 17.3.32819.101
MinimumVisualStudioVersion = 10.0.40219.1
Project("{FAE04EC0-301F-11D3-BF4B-00C04F79EFBC}") = "API01Curso", "API01Curso\API01Curso.csproj", "{24E542A1-BA40-4760-81D5-AB0DE7AF269D}"
EndProject
Global
	GlobalSection(SolutionConfigurationPlatforms) = preSolution
		Debug|Any CPU = Debug|Any CPU
		Release|Any CPU = Release|Any CPU
	EndGlobalSection
	GlobalSection(ProjectConfigurationPlatforms) = postSolution
		{24E542A1-BA40-4760-81D5-AB0DE7AF269D}.Debug|Any CPU.ActiveCfg = Debug|Any CPU
		{24E542A1-BA40-4760-81D5-AB0DE7AF269D}.Debug|Any CPU.Build.0 = Debug|Any CPU
		{24E542A1-BA40-4760-81D5-AB0DE7AF269D}.Release|Any CPU.ActiveCfg = Release|Any CPU
		{24E542A1-BA40-4760-81D5-AB0DE7AF269D}.Release|Any CPU.Build.0 = Release|Any CPU
	EndGlobalSection
	GlobalSection(SolutionProperties) = preSolution
		HideSolutionNode = FALSE
	EndGlobalSection
	GlobalSection(ExtensibilityGlobals) = postSolution
		SolutionGuid = {82F269A0-6199-4E0E-9B42-8000DBBCD4E8}
	EndGlobalSection
EndGlobal
