
Microsoft Visual Studio Solution File, Format Version 12.00
# Visual Studio Version 17
VisualStudioVersion = 17.3.32819.101
MinimumVisualStudioVersion = 10.0.40219.1
Project("{9A19103F-16F7-4668-BE54-9A1E7A4F7556}") = "WebApiCustomers", "WebApiCustomers.csproj", "{75A4D647-C87E-47DB-8B4E-13E9F92E161B}"
EndProject
Global
	GlobalSection(SolutionConfigurationPlatforms) = preSolution
		Debug|Any CPU = Debug|Any CPU
		Release|Any CPU = Release|Any CPU
	EndGlobalSection
	GlobalSection(ProjectConfigurationPlatforms) = postSolution
		{75A4D647-C87E-47DB-8B4E-13E9F92E161B}.Debug|Any CPU.ActiveCfg = Debug|Any CPU
		{75A4D647-C87E-47DB-8B4E-13E9F92E161B}.Debug|Any CPU.Build.0 = Debug|Any CPU
		{75A4D647-C87E-47DB-8B4E-13E9F92E161B}.Release|Any CPU.ActiveCfg = Release|Any CPU
		{75A4D647-C87E-47DB-8B4E-13E9F92E161B}.Release|Any CPU.Build.0 = Release|Any CPU
	EndGlobalSection
	GlobalSection(SolutionProperties) = preSolution
		HideSolutionNode = FALSE
	EndGlobalSection
	GlobalSection(ExtensibilityGlobals) = postSolution
		SolutionGuid = {0CC0B985-2FF5-4C5B-AD6B-6279BC589FCD}
	EndGlobalSection
EndGlobal
